Microsoft Visual Studio Solution File, Format Version 12.00
# Visual Studio Version 18
VisualStudioVersion = 18.5.11626.173 insiders
MinimumVisualStudioVersion = 10.0.40219.1
Project("{9A19103F-16F7-4668-BE54-9A1E7A4F7556}") = "VerapathWebsite", "VerapathWebsite\VerapathWebsite.csproj", "{C946EFB8-C9A7-4FA7-8724-A4729C9C876E}"
EndProject
Global
	GlobalSection(SolutionConfigurationPlatforms) = preSolution
		Debug|Any CPU = Debug|Any CPU
		Release|Any CPU = Release|Any CPU
	EndGlobalSection
	GlobalSection(ProjectConfigurationPlatforms) = postSolution
		{C946EFB8-C9A7-4FA7-8724-A4729C9C876E}.Debug|Any CPU.ActiveCfg = Debug|Any CPU
		{C946EFB8-C9A7-4FA7-8724-A4729C9C876E}.Debug|Any CPU.Build.0 = Debug|Any CPU
		{C946EFB8-C9A7-4FA7-8724-A4729C9C876E}.Release|Any CPU.ActiveCfg = Release|Any CPU
		{C946EFB8-C9A7-4FA7-8724-A4729C9C876E}.Release|Any CPU.Build.0 = Release|Any CPU
	EndGlobalSection
	GlobalSection(SolutionProperties) = preSolution
		HideSolutionNode = FALSE
	EndGlobalSection
	GlobalSection(ExtensibilityGlobals) = postSolution
		SolutionGuid = {E04B6598-C51C-48C5-8534-2DCDFD22F97D}
	EndGlobalSection
EndGlobal
